{
  "object": {
    "pins": [
      {
        "package": "KDTree",
        "repositoryURL": "https://github.com/Bersaelor/KDTree",
        "state": {
          "branch": null,
          "revision": "490df2848e3f497bdc2edf61667f4ab669cff26e",
          "version": "1.4.1"
        }
      },
      {
        "package": "swift-algorithms",
        "repositoryURL": "https://github.com/apple/swift-algorithms",
        "state": {
          "branch": null,
          "revision": "e25cf27e57fc3eec00ea2fc8ea7f99695c59966f",
          "version": "0.2.0"
        }
      },
      {
        "package": "swift-collections",
        "repositoryURL": "https://github.com/apple/swift-collections",
        "state": {
          "branch": null,
          "revision": "d45e63421d3dff834949ac69d3c37691e994bd69",
          "version": "0.0.3"
        }
      },
      {
        "package": "swift-numerics",
        "repositoryURL": "https://github.com/apple/swift-numerics",
        "state": {
          "branch": null,
          "revision": "6583ac70c326c3ee080c1d42d9ca3361dca816cd",
          "version": "0.1.0"
        }
      }
    ]
  },
  "version": 1
}
